
Microsoft Visual Studio Solution File, Format Version 12.00
# Visual Studio 15
VisualStudioVersion = 15.0.28307.168
MinimumVisualStudioVersion = 10.0.40219.1
Project("{FAE04EC0-301F-11D3-BF4B-00C04F79EFBC}") = "CSVtoHW", "CSVtoHW\CSVtoHW.csproj", "{B4F379DB-09DB-4F3F-A2C6-43D792CBFCB4}"
EndProject
Global
	GlobalSection(SolutionConfigurationPlatforms) = preSolution
		Debug|Any CPU = Debug|Any CPU
		Release|Any CPU = Release|Any CPU
	EndGlobalSection
	GlobalSection(ProjectConfigurationPlatforms) = postSolution
		{B4F379DB-09DB-4F3F-A2C6-43D792CBFCB4}.Debug|Any CPU.ActiveCfg = Debug|Any CPU
		{B4F379DB-09DB-4F3F-A2C6-43D792CBFCB4}.Debug|Any CPU.Build.0 = Debug|Any CPU
		{B4F379DB-09DB-4F3F-A2C6-43D792CBFCB4}.Release|Any CPU.ActiveCfg = Release|Any CPU
		{B4F379DB-09DB-4F3F-A2C6-43D792CBFCB4}.Release|Any CPU.Build.0 = Release|Any CPU
	EndGlobalSection
	GlobalSection(SolutionProperties) = preSolution
		HideSolutionNode = FALSE
	EndGlobalSection
	GlobalSection(ExtensibilityGlobals) = postSolution
		SolutionGuid = {679BFE16-6859-4DBA-9EF5-B93ED6CB31EF}
	EndGlobalSection
EndGlobal
